
Microsoft Visual Studio Solution File, Format Version 12.00
# Visual Studio Version 17
VisualStudioVersion = 17.9.34902.65
MinimumVisualStudioVersion = 10.0.40219.1
Project("{FAE04EC0-301F-11D3-BF4B-00C04F79EFBC}") = "StarBucks Backend", "StarBucks Backend\StarBucks Backend.csproj", "{F13912DA-0253-42E8-A424-9C8439FDDAB4}"
EndProject
Global
	GlobalSection(SolutionConfigurationPlatforms) = preSolution
		Debug|Any CPU = Debug|Any CPU
		Release|Any CPU = Release|Any CPU
	EndGlobalSection
	GlobalSection(ProjectConfigurationPlatforms) = postSolution
		{F13912DA-0253-42E8-A424-9C8439FDDAB4}.Debug|Any CPU.ActiveCfg = Debug|Any CPU
		{F13912DA-0253-42E8-A424-9C8439FDDAB4}.Debug|Any CPU.Build.0 = Debug|Any CPU
		{F13912DA-0253-42E8-A424-9C8439FDDAB4}.Release|Any CPU.ActiveCfg = Release|Any CPU
		{F13912DA-0253-42E8-A424-9C8439FDDAB4}.Release|Any CPU.Build.0 = Release|Any CPU
	EndGlobalSection
	GlobalSection(SolutionProperties) = preSolution
		HideSolutionNode = FALSE
	EndGlobalSection
	GlobalSection(ExtensibilityGlobals) = postSolution
		SolutionGuid = {11F7BDFC-6F3D-43EB-86BF-59D0CD9B90AB}
	EndGlobalSection
EndGlobal
